
Microsoft Visual Studio Solution File, Format Version 12.00
Project("{FAE04EC0-301F-11D3-BF4B-00C04F79EFBC}") = "Data", "Data\Data.csproj", "{50050207-17AC-42DF-B465-7E9A1FA8BC36}"
EndProject
Project("{FAE04EC0-301F-11D3-BF4B-00C04F79EFBC}") = "WebServerStore", "WebServerStore\WebServerStore.csproj", "{12329D4E-7913-49D3-8EFA-CC62BEA77B0F}"
EndProject
Project("{FAE04EC0-301F-11D3-BF4B-00C04F79EFBC}") = "WebServerEnterprise", "WebServerEnterprise\WebServerEnterprise.csproj", "{DE7881F9-6A45-4D04-9554-D87F9B8E799B}"
EndProject
Project("{FAE04EC0-301F-11D3-BF4B-00C04F79EFBC}") = "Application", "Application\Application.csproj", "{9E1EECF2-91DF-4536-B5F1-2E1CE6EAACE7}"
EndProject
Project("{FAE04EC0-301F-11D3-BF4B-00C04F79EFBC}") = "GrpcModule", "GrpcModule\GrpcModule.csproj", "{BEB269E3-B0E2-47ED-AB9C-0EB0D00B0306}"
EndProject
Project("{FAE04EC0-301F-11D3-BF4B-00C04F79EFBC}") = "DataTests", "DataTests\DataTests.csproj", "{6A2FF10D-AB21-4089-9C96-800903E7142D}"
EndProject
Global
	GlobalSection(SolutionConfigurationPlatforms) = preSolution
		Debug|Any CPU = Debug|Any CPU
		Release|Any CPU = Release|Any CPU
	EndGlobalSection
	GlobalSection(ProjectConfigurationPlatforms) = postSolution
		{50050207-17AC-42DF-B465-7E9A1FA8BC36}.Debug|Any CPU.ActiveCfg = Debug|Any CPU
		{50050207-17AC-42DF-B465-7E9A1FA8BC36}.Debug|Any CPU.Build.0 = Debug|Any CPU
		{50050207-17AC-42DF-B465-7E9A1FA8BC36}.Release|Any CPU.ActiveCfg = Release|Any CPU
		{50050207-17AC-42DF-B465-7E9A1FA8BC36}.Release|Any CPU.Build.0 = Release|Any CPU
		{12329D4E-7913-49D3-8EFA-CC62BEA77B0F}.Debug|Any CPU.ActiveCfg = Debug|Any CPU
		{12329D4E-7913-49D3-8EFA-CC62BEA77B0F}.Debug|Any CPU.Build.0 = Debug|Any CPU
		{12329D4E-7913-49D3-8EFA-CC62BEA77B0F}.Release|Any CPU.ActiveCfg = Release|Any CPU
		{12329D4E-7913-49D3-8EFA-CC62BEA77B0F}.Release|Any CPU.Build.0 = Release|Any CPU
		{DE7881F9-6A45-4D04-9554-D87F9B8E799B}.Debug|Any CPU.ActiveCfg = Debug|Any CPU
		{DE7881F9-6A45-4D04-9554-D87F9B8E799B}.Debug|Any CPU.Build.0 = Debug|Any CPU
		{DE7881F9-6A45-4D04-9554-D87F9B8E799B}.Release|Any CPU.ActiveCfg = Release|Any CPU
		{DE7881F9-6A45-4D04-9554-D87F9B8E799B}.Release|Any CPU.Build.0 = Release|Any CPU
		{9E1EECF2-91DF-4536-B5F1-2E1CE6EAACE7}.Debug|Any CPU.ActiveCfg = Debug|Any CPU
		{9E1EECF2-91DF-4536-B5F1-2E1CE6EAACE7}.Debug|Any CPU.Build.0 = Debug|Any CPU
		{9E1EECF2-91DF-4536-B5F1-2E1CE6EAACE7}.Release|Any CPU.ActiveCfg = Release|Any CPU
		{9E1EECF2-91DF-4536-B5F1-2E1CE6EAACE7}.Release|Any CPU.Build.0 = Release|Any CPU
		{BEB269E3-B0E2-47ED-AB9C-0EB0D00B0306}.Debug|Any CPU.ActiveCfg = Debug|Any CPU
		{BEB269E3-B0E2-47ED-AB9C-0EB0D00B0306}.Debug|Any CPU.Build.0 = Debug|Any CPU
		{BEB269E3-B0E2-47ED-AB9C-0EB0D00B0306}.Release|Any CPU.ActiveCfg = Release|Any CPU
		{BEB269E3-B0E2-47ED-AB9C-0EB0D00B0306}.Release|Any CPU.Build.0 = Release|Any CPU
		{6A2FF10D-AB21-4089-9C96-800903E7142D}.Debug|Any CPU.ActiveCfg = Debug|Any CPU
		{6A2FF10D-AB21-4089-9C96-800903E7142D}.Debug|Any CPU.Build.0 = Debug|Any CPU
		{6A2FF10D-AB21-4089-9C96-800903E7142D}.Release|Any CPU.ActiveCfg = Release|Any CPU
		{6A2FF10D-AB21-4089-9C96-800903E7142D}.Release|Any CPU.Build.0 = Release|Any CPU
	EndGlobalSection
EndGlobal
